# This file was autogenerated by Stack.
# You should not edit this file by hand.
# For more information, please see the documentation at:
#   https://docs.haskellstack.org/en/stable/topics/lock_files

packages:
- completed:
    hackage: memory-0.18.0@sha256:9f4de967352f80b6f174c9a166f315393dde80b77d7b67e41268ae7dec0319f9,4581
    pantry-tree:
      sha256: 50865fe287a16933cc7c6b12e00320ea656796ae5205a336e1bf3f3c8fdaa8b7
      size: 2436
  original:
    hackage: memory-0.18.0
- completed:
    hackage: crypton-0.34@sha256:9e4b50d79d1fba681befa08151db7223d2b4bb72564853e8530e614105d53a1a,14577
    pantry-tree:
      sha256: 85f438e6d328fc2e464c8914a08089ff312044b96ac155a25747512e440e0a12
      size: 23275
  original:
    hackage: crypton-0.34
snapshots:
- completed:
    sha256: 6d1532d40621957a25bad5195bfca7938e8a06d923c91bc52aa0f3c41181f2d4
    size: 619204
    url: https://raw.githubusercontent.com/commercialhaskell/stackage-snapshots/master/lts/19/33.yaml
  original: lts-19.33
